
Microsoft Visual Studio Solution File, Format Version 12.00
# Visual Studio Version 17
VisualStudioVersion = 17.14.36414.22
MinimumVisualStudioVersion = 10.0.40219.1
Project("{2150E333-8FDC-42A3-9474-1A3956D46DE8}") = "Task0", "Task0", "{02EA681E-C7D8-13C7-8484-4AC65E1B71E8}"
EndProject
Project("{FAE04EC0-301F-11D3-BF4B-00C04F79EFBC}") = "Tyuiu.LevakovaAA.Sprint2.Task0.V22", "Tyuiu.LevakovaAA.Sprint2.Task0.V22\Tyuiu.LevakovaAA.Sprint2.Task0.V22.csproj", "{455B535B-CE04-42E5-9D8B-06AC11C4AC72}"
EndProject
Project("{FAE04EC0-301F-11D3-BF4B-00C04F79EFBC}") = "Tyuiu.LevakovaAA.Sprint2.Task0.V22.Lib", "Tyuiu.LevakovaAA.Sprint2.Task0.V22.Lib\Tyuiu.LevakovaAA.Sprint2.Task0.V22.Lib.csproj", "{E4AF9C82-C75D-4E2B-AEFF-54E32A7B9E3C}"
EndProject
Project("{FAE04EC0-301F-11D3-BF4B-00C04F79EFBC}") = "Tyuiu.LevakovaAA.Sprint2.Task0.V22.Test", "Tyuiu.LevakovaAA.Sprint2.Task0.V22.Test\Tyuiu.LevakovaAA.Sprint2.Task0.V22.Test.csproj", "{9A34EB8C-9A9B-4547-9278-CE0ABC107CEF}"
EndProject
Project("{2150E333-8FDC-42A3-9474-1A3956D46DE8}") = "Task1", "Task1", "{942FE335-DC78-4F77-9073-10DD5370F77B}"
EndProject
Project("{FAE04EC0-301F-11D3-BF4B-00C04F79EFBC}") = "Tyuiu.LevakovaAA.Sprint2.Task1.V28", "Tyuiu.LevakovaAA.Sprint2.Task1.V28\Tyuiu.LevakovaAA.Sprint2.Task1.V28.csproj", "{A8152845-66DD-486D-9885-B1A54C47CE3B}"
EndProject
Project("{FAE04EC0-301F-11D3-BF4B-00C04F79EFBC}") = "Tyuiu.LevakovaAA.Sprint2.Task1.V28.Test", "Tyuiu.LevakovaAA.Sprint2.Task1.V28.Test\Tyuiu.LevakovaAA.Sprint2.Task1.V28.Test.csproj", "{15BC5591-85B3-4B66-A615-85FAD75DF741}"
EndProject
Project("{FAE04EC0-301F-11D3-BF4B-00C04F79EFBC}") = "Tyuiu.LevakovaAA.Sprint2.Task1.V28.Lib", "Tyuiu.LevakovaAA.Sprint2.Task1.V28.Lib\Tyuiu.LevakovaAA.Sprint2.Task1.V28.Lib.csproj", "{FB3881B1-62ED-4DBB-AF6E-84418C5E03D4}"
EndProject
Project("{2150E333-8FDC-42A3-9474-1A3956D46DE8}") = "Task2", "Task2", "{2F7030E5-A60D-4970-806F-A211DDC8F037}"
EndProject
Project("{FAE04EC0-301F-11D3-BF4B-00C04F79EFBC}") = "Tyuiu.LevakovaAA.Sprint2.Task2.V25", "Tyuiu.LevakovaAA.Sprint2.Task2.V25\Tyuiu.LevakovaAA.Sprint2.Task2.V25.csproj", "{39E2D2A2-3B01-461D-B231-C88C217058EB}"
EndProject
Project("{FAE04EC0-301F-11D3-BF4B-00C04F79EFBC}") = "Tyuiu.LevakovaAA.Sprint2.Task2.V25.Lib", "Tyuiu.LevakovaAA.Sprint2.Task2.V25.Lib\Tyuiu.LevakovaAA.Sprint2.Task2.V25.Lib.csproj", "{B4F700FC-531A-4B81-961A-90DBE932B1E6}"
EndProject
Project("{FAE04EC0-301F-11D3-BF4B-00C04F79EFBC}") = "Tyuiu.LevakovaAA.Sprint2.Task2.V25.Test", "Tyuiu.LevakovaAA.Sprint2.Task2.V25.Test\Tyuiu.LevakovaAA.Sprint2.Task2.V25.Test.csproj", "{D1816EE9-25B3-4EFC-A19D-5360FC5EFB29}"
EndProject
Project("{2150E333-8FDC-42A3-9474-1A3956D46DE8}") = "Task3", "Task3", "{087761DF-19C0-489D-97D4-6592627B1851}"
EndProject
Project("{FAE04EC0-301F-11D3-BF4B-00C04F79EFBC}") = "Tyuiu.LevakovaAA.Sprint2.Task3.V5", "Tyuiu.LevakovaAA.Sprint2.Task3.V5\Tyuiu.LevakovaAA.Sprint2.Task3.V5.csproj", "{1AF09DD8-0FA9-4FE5-ADDF-101F355216A0}"
EndProject
Project("{FAE04EC0-301F-11D3-BF4B-00C04F79EFBC}") = "Tyuiu.LevakovaAA.Sprint2.Task3.V5.Test", "Tyuiu.LevakovaAA.Sprint2.Task3.V5.Test\Tyuiu.LevakovaAA.Sprint2.Task3.V5.Test.csproj", "{672365AE-181E-41DD-8330-E1332D01E3E9}"
EndProject
Project("{FAE04EC0-301F-11D3-BF4B-00C04F79EFBC}") = "Tyuiu.LevakovaAA.Sprint2.Task3.V5.Lib", "Tyuiu.LevakovaAA.Sprint2.Task3.V5.Lib\Tyuiu.LevakovaAA.Sprint2.Task3.V5.Lib.csproj", "{B3735C41-71FC-4BF2-A711-3ABB31F61362}"
EndProject
Project("{2150E333-8FDC-42A3-9474-1A3956D46DE8}") = "Task4", "Task4", "{3CFC146A-C10A-4EE7-A333-04B89BC18407}"
EndProject
Project("{FAE04EC0-301F-11D3-BF4B-00C04F79EFBC}") = "Tyuiu.LevakovaAA.Sprint2.Task4.V28", "Tyuiu.LevakovaAA.Sprint2.Task4.V28\Tyuiu.LevakovaAA.Sprint2.Task4.V28.csproj", "{A7FCC9FA-B8EC-4FD3-A30C-24034C18F6A8}"
EndProject
Project("{FAE04EC0-301F-11D3-BF4B-00C04F79EFBC}") = "Tyuiu.LevakovaAA.Sprint2.Task4.V28.Lib", "Tyuiu.LevakovaAA.Sprint2.Task4.V28.Lib\Tyuiu.LevakovaAA.Sprint2.Task4.V28.Lib.csproj", "{24B9CD5F-7FD9-47CF-8023-8273105A4089}"
EndProject
Project("{FAE04EC0-301F-11D3-BF4B-00C04F79EFBC}") = "Tyuiu.LevakovaAA.Sprint2.Task4.V28.Test", "Tyuiu.LevakovaAA.Sprint2.Task4.V28.Test\Tyuiu.LevakovaAA.Sprint2.Task4.V28.Test.csproj", "{538E169E-FDF8-4752-B1FD-C25A8F63F303}"
EndProject
Global
	GlobalSection(SolutionConfigurationPlatforms) = preSolution
		Debug|Any CPU = Debug|Any CPU
		Release|Any CPU = Release|Any CPU
	EndGlobalSection
	GlobalSection(ProjectConfigurationPlatforms) = postSolution
		{455B535B-CE04-42E5-9D8B-06AC11C4AC72}.Debug|Any CPU.ActiveCfg = Debug|Any CPU
		{455B535B-CE04-42E5-9D8B-06AC11C4AC72}.Debug|Any CPU.Build.0 = Debug|Any CPU
		{455B535B-CE04-42E5-9D8B-06AC11C4AC72}.Release|Any CPU.ActiveCfg = Release|Any CPU
		{455B535B-CE04-42E5-9D8B-06AC11C4AC72}.Release|Any CPU.Build.0 = Release|Any CPU
		{E4AF9C82-C75D-4E2B-AEFF-54E32A7B9E3C}.Debug|Any CPU.ActiveCfg = Debug|Any CPU
		{E4AF9C82-C75D-4E2B-AEFF-54E32A7B9E3C}.Debug|Any CPU.Build.0 = Debug|Any CPU
		{E4AF9C82-C75D-4E2B-AEFF-54E32A7B9E3C}.Release|Any CPU.ActiveCfg = Release|Any CPU
		{E4AF9C82-C75D-4E2B-AEFF-54E32A7B9E3C}.Release|Any CPU.Build.0 = Release|Any CPU
		{9A34EB8C-9A9B-4547-9278-CE0ABC107CEF}.Debug|Any CPU.ActiveCfg = Debug|Any CPU
		{9A34EB8C-9A9B-4547-9278-CE0ABC107CEF}.Debug|Any CPU.Build.0 = Debug|Any CPU
		{9A34EB8C-9A9B-4547-9278-CE0ABC107CEF}.Release|Any CPU.ActiveCfg = Release|Any CPU
		{9A34EB8C-9A9B-4547-9278-CE0ABC107CEF}.Release|Any CPU.Build.0 = Release|Any CPU
		{A8152845-66DD-486D-9885-B1A54C47CE3B}.Debug|Any CPU.ActiveCfg = Debug|Any CPU
		{A8152845-66DD-486D-9885-B1A54C47CE3B}.Debug|Any CPU.Build.0 = Debug|Any CPU
		{A8152845-66DD-486D-9885-B1A54C47CE3B}.Release|Any CPU.ActiveCfg = Release|Any CPU
		{A8152845-66DD-486D-9885-B1A54C47CE3B}.Release|Any CPU.Build.0 = Release|Any CPU
		{15BC5591-85B3-4B66-A615-85FAD75DF741}.Debug|Any CPU.ActiveCfg = Debug|Any CPU
		{15BC5591-85B3-4B66-A615-85FAD75DF741}.Debug|Any CPU.Build.0 = Debug|Any CPU
		{15BC5591-85B3-4B66-A615-85FAD75DF741}.Release|Any CPU.ActiveCfg = Release|Any CPU
		{15BC5591-85B3-4B66-A615-85FAD75DF741}.Release|Any CPU.Build.0 = Release|Any CPU
		{FB3881B1-62ED-4DBB-AF6E-84418C5E03D4}.Debug|Any CPU.ActiveCfg = Debug|Any CPU
		{FB3881B1-62ED-4DBB-AF6E-84418C5E03D4}.Debug|Any CPU.Build.0 = Debug|Any CPU
		{FB3881B1-62ED-4DBB-AF6E-84418C5E03D4}.Release|Any CPU.ActiveCfg = Release|Any CPU
		{FB3881B1-62ED-4DBB-AF6E-84418C5E03D4}.Release|Any CPU.Build.0 = Release|Any CPU
		{39E2D2A2-3B01-461D-B231-C88C217058EB}.Debug|Any CPU.ActiveCfg = Debug|Any CPU
		{39E2D2A2-3B01-461D-B231-C88C217058EB}.Debug|Any CPU.Build.0 = Debug|Any CPU
		{39E2D2A2-3B01-461D-B231-C88C217058EB}.Release|Any CPU.ActiveCfg = Release|Any CPU
		{39E2D2A2-3B01-461D-B231-C88C217058EB}.Release|Any CPU.Build.0 = Release|Any CPU
		{B4F700FC-531A-4B81-961A-90DBE932B1E6}.Debug|Any CPU.ActiveCfg = Debug|Any CPU
		{B4F700FC-531A-4B81-961A-90DBE932B1E6}.Debug|Any CPU.Build.0 = Debug|Any CPU
		{B4F700FC-531A-4B81-961A-90DBE932B1E6}.Release|Any CPU.ActiveCfg = Release|Any CPU
		{B4F700FC-531A-4B81-961A-90DBE932B1E6}.Release|Any CPU.Build.0 = Release|Any CPU
		{D1816EE9-25B3-4EFC-A19D-5360FC5EFB29}.Debug|Any CPU.ActiveCfg = Debug|Any CPU
		{D1816EE9-25B3-4EFC-A19D-5360FC5EFB29}.Debug|Any CPU.Build.0 = Debug|Any CPU
		{D1816EE9-25B3-4EFC-A19D-5360FC5EFB29}.Release|Any CPU.ActiveCfg = Release|Any CPU
		{D1816EE9-25B3-4EFC-A19D-5360FC5EFB29}.Release|Any CPU.Build.0 = Release|Any CPU
		{1AF09DD8-0FA9-4FE5-ADDF-101F355216A0}.Debug|Any CPU.ActiveCfg = Debug|Any CPU
		{1AF09DD8-0FA9-4FE5-ADDF-101F355216A0}.Debug|Any CPU.Build.0 = Debug|Any CPU
		{1AF09DD8-0FA9-4FE5-ADDF-101F355216A0}.Release|Any CPU.ActiveCfg = Release|Any CPU
		{1AF09DD8-0FA9-4FE5-ADDF-101F355216A0}.Release|Any CPU.Build.0 = Release|Any CPU
		{672365AE-181E-41DD-8330-E1332D01E3E9}.Debug|Any CPU.ActiveCfg = Debug|Any CPU
		{672365AE-181E-41DD-8330-E1332D01E3E9}.Debug|Any CPU.Build.0 = Debug|Any CPU
		{672365AE-181E-41DD-8330-E1332D01E3E9}.Release|Any CPU.ActiveCfg = Release|Any CPU
		{672365AE-181E-41DD-8330-E1332D01E3E9}.Release|Any CPU.Build.0 = Release|Any CPU
		{B3735C41-71FC-4BF2-A711-3ABB31F61362}.Debug|Any CPU.ActiveCfg = Debug|Any CPU
		{B3735C41-71FC-4BF2-A711-3ABB31F61362}.Debug|Any CPU.Build.0 = Debug|Any CPU
		{B3735C41-71FC-4BF2-A711-3ABB31F61362}.Release|Any CPU.ActiveCfg = Release|Any CPU
		{B3735C41-71FC-4BF2-A711-3ABB31F61362}.Release|Any CPU.Build.0 = Release|Any CPU
		{A7FCC9FA-B8EC-4FD3-A30C-24034C18F6A8}.Debug|Any CPU.ActiveCfg = Debug|Any CPU
		{A7FCC9FA-B8EC-4FD3-A30C-24034C18F6A8}.Debug|Any CPU.Build.0 = Debug|Any CPU
		{A7FCC9FA-B8EC-4FD3-A30C-24034C18F6A8}.Release|Any CPU.ActiveCfg = Release|Any CPU
		{A7FCC9FA-B8EC-4FD3-A30C-24034C18F6A8}.Release|Any CPU.Build.0 = Release|Any CPU
		{24B9CD5F-7FD9-47CF-8023-8273105A4089}.Debug|Any CPU.ActiveCfg = Debug|Any CPU
		{24B9CD5F-7FD9-47CF-8023-8273105A4089}.Debug|Any CPU.Build.0 = Debug|Any CPU
		{24B9CD5F-7FD9-47CF-8023-8273105A4089}.Release|Any CPU.ActiveCfg = Release|Any CPU
		{24B9CD5F-7FD9-47CF-8023-8273105A4089}.Release|Any CPU.Build.0 = Release|Any CPU
		{538E169E-FDF8-4752-B1FD-C25A8F63F303}.Debug|Any CPU.ActiveCfg = Debug|Any CPU
		{538E169E-FDF8-4752-B1FD-C25A8F63F303}.Debug|Any CPU.Build.0 = Debug|Any CPU
		{538E169E-FDF8-4752-B1FD-C25A8F63F303}.Release|Any CPU.ActiveCfg = Release|Any CPU
		{538E169E-FDF8-4752-B1FD-C25A8F63F303}.Release|Any CPU.Build.0 = Release|Any CPU
	EndGlobalSection
	GlobalSection(SolutionProperties) = preSolution
		HideSolutionNode = FALSE
	EndGlobalSection
	GlobalSection(NestedProjects) = preSolution
		{455B535B-CE04-42E5-9D8B-06AC11C4AC72} = {02EA681E-C7D8-13C7-8484-4AC65E1B71E8}
		{E4AF9C82-C75D-4E2B-AEFF-54E32A7B9E3C} = {02EA681E-C7D8-13C7-8484-4AC65E1B71E8}
		{9A34EB8C-9A9B-4547-9278-CE0ABC107CEF} = {02EA681E-C7D8-13C7-8484-4AC65E1B71E8}
		{A8152845-66DD-486D-9885-B1A54C47CE3B} = {942FE335-DC78-4F77-9073-10DD5370F77B}
		{15BC5591-85B3-4B66-A615-85FAD75DF741} = {942FE335-DC78-4F77-9073-10DD5370F77B}
		{FB3881B1-62ED-4DBB-AF6E-84418C5E03D4} = {942FE335-DC78-4F77-9073-10DD5370F77B}
		{39E2D2A2-3B01-461D-B231-C88C217058EB} = {2F7030E5-A60D-4970-806F-A211DDC8F037}
		{B4F700FC-531A-4B81-961A-90DBE932B1E6} = {2F7030E5-A60D-4970-806F-A211DDC8F037}
		{D1816EE9-25B3-4EFC-A19D-5360FC5EFB29} = {2F7030E5-A60D-4970-806F-A211DDC8F037}
		{1AF09DD8-0FA9-4FE5-ADDF-101F355216A0} = {087761DF-19C0-489D-97D4-6592627B1851}
		{672365AE-181E-41DD-8330-E1332D01E3E9} = {087761DF-19C0-489D-97D4-6592627B1851}
		{B3735C41-71FC-4BF2-A711-3ABB31F61362} = {087761DF-19C0-489D-97D4-6592627B1851}
		{A7FCC9FA-B8EC-4FD3-A30C-24034C18F6A8} = {3CFC146A-C10A-4EE7-A333-04B89BC18407}
		{24B9CD5F-7FD9-47CF-8023-8273105A4089} = {3CFC146A-C10A-4EE7-A333-04B89BC18407}
		{538E169E-FDF8-4752-B1FD-C25A8F63F303} = {3CFC146A-C10A-4EE7-A333-04B89BC18407}
	EndGlobalSection
	GlobalSection(ExtensibilityGlobals) = postSolution
		SolutionGuid = {F8B893F6-A1F3-40E4-99F3-2BF5870D8CF2}
	EndGlobalSection
EndGlobal
