
Microsoft Visual Studio Solution File, Format Version 12.00
# Visual Studio Version 17
VisualStudioVersion = 17.14.36414.22
MinimumVisualStudioVersion = 10.0.40219.1
Project("{2150E333-8FDC-42A3-9474-1A3956D46DE8}") = "Task0", "Task0", "{02EA681E-C7D8-13C7-8484-4AC65E1B71E8}"
EndProject
Project("{FAE04EC0-301F-11D3-BF4B-00C04F79EFBC}") = "Tyuiu.LevakovaAA.Sprint2.Task0.V22", "Tyuiu.LevakovaAA.Sprint2.Task0.V22\Tyuiu.LevakovaAA.Sprint2.Task0.V22.csproj", "{455B535B-CE04-42E5-9D8B-06AC11C4AC72}"
EndProject
Project("{FAE04EC0-301F-11D3-BF4B-00C04F79EFBC}") = "Tyuiu.LevakovaAA.Sprint2.Task0.V22.Lib", "Tyuiu.LevakovaAA.Sprint2.Task0.V22.Lib\Tyuiu.LevakovaAA.Sprint2.Task0.V22.Lib.csproj", "{E4AF9C82-C75D-4E2B-AEFF-54E32A7B9E3C}"
EndProject
Project("{FAE04EC0-301F-11D3-BF4B-00C04F79EFBC}") = "Tyuiu.LevakovaAA.Sprint2.Task0.V22.Test", "Tyuiu.LevakovaAA.Sprint2.Task0.V22.Test\Tyuiu.LevakovaAA.Sprint2.Task0.V22.Test.csproj", "{9A34EB8C-9A9B-4547-9278-CE0ABC107CEF}"
EndProject
Global
	GlobalSection(SolutionConfigurationPlatforms) = preSolution
		Debug|Any CPU = Debug|Any CPU
		Release|Any CPU = Release|Any CPU
	EndGlobalSection
	GlobalSection(ProjectConfigurationPlatforms) = postSolution
		{455B535B-CE04-42E5-9D8B-06AC11C4AC72}.Debug|Any CPU.ActiveCfg = Debug|Any CPU
		{455B535B-CE04-42E5-9D8B-06AC11C4AC72}.Debug|Any CPU.Build.0 = Debug|Any CPU
		{455B535B-CE04-42E5-9D8B-06AC11C4AC72}.Release|Any CPU.ActiveCfg = Release|Any CPU
		{455B535B-CE04-42E5-9D8B-06AC11C4AC72}.Release|Any CPU.Build.0 = Release|Any CPU
		{E4AF9C82-C75D-4E2B-AEFF-54E32A7B9E3C}.Debug|Any CPU.ActiveCfg = Debug|Any CPU
		{E4AF9C82-C75D-4E2B-AEFF-54E32A7B9E3C}.Debug|Any CPU.Build.0 = Debug|Any CPU
		{E4AF9C82-C75D-4E2B-AEFF-54E32A7B9E3C}.Release|Any CPU.ActiveCfg = Release|Any CPU
		{E4AF9C82-C75D-4E2B-AEFF-54E32A7B9E3C}.Release|Any CPU.Build.0 = Release|Any CPU
		{9A34EB8C-9A9B-4547-9278-CE0ABC107CEF}.Debug|Any CPU.ActiveCfg = Debug|Any CPU
		{9A34EB8C-9A9B-4547-9278-CE0ABC107CEF}.Debug|Any CPU.Build.0 = Debug|Any CPU
		{9A34EB8C-9A9B-4547-9278-CE0ABC107CEF}.Release|Any CPU.ActiveCfg = Release|Any CPU
		{9A34EB8C-9A9B-4547-9278-CE0ABC107CEF}.Release|Any CPU.Build.0 = Release|Any CPU
	EndGlobalSection
	GlobalSection(SolutionProperties) = preSolution
		HideSolutionNode = FALSE
	EndGlobalSection
	GlobalSection(NestedProjects) = preSolution
		{455B535B-CE04-42E5-9D8B-06AC11C4AC72} = {02EA681E-C7D8-13C7-8484-4AC65E1B71E8}
		{E4AF9C82-C75D-4E2B-AEFF-54E32A7B9E3C} = {02EA681E-C7D8-13C7-8484-4AC65E1B71E8}
		{9A34EB8C-9A9B-4547-9278-CE0ABC107CEF} = {02EA681E-C7D8-13C7-8484-4AC65E1B71E8}
	EndGlobalSection
	GlobalSection(ExtensibilityGlobals) = postSolution
		SolutionGuid = {F8B893F6-A1F3-40E4-99F3-2BF5870D8CF2}
	EndGlobalSection
EndGlobal
